
Microsoft Visual Studio Solution File, Format Version 12.00
# Visual Studio Version 16
VisualStudioVersion = 16.0.29123.88
MinimumVisualStudioVersion = 10.0.40219.1
Project("{FAE04EC0-301F-11D3-BF4B-00C04F79EFBC}") = "CinemaDCO.Android", "CinemaDCO\CinemaDCO.Android\CinemaDCO.Android.csproj", "{12101A4B-DAC0-40A7-BDCB-413C796D7FA7}"
EndProject
Project("{9A19103F-16F7-4668-BE54-9A1E7A4F7556}") = "CinemaDCO", "CinemaDCO\CinemaDCO\CinemaDCO.csproj", "{3CF93186-F1A5-4CE8-8227-21E36D5744A6}"
EndProject
Project("{2150E333-8FDC-42A3-9474-1A3956D46DE8}") = "Front", "Front", "{3FFA5865-1744-4AFA-A9E9-A7CC8D7D607C}"
EndProject
Project("{2150E333-8FDC-42A3-9474-1A3956D46DE8}") = "Common", "Common", "{180396E7-7CA8-41CD-A914-AD0771C7BFBA}"
EndProject
Project("{FAE04EC0-301F-11D3-BF4B-00C04F79EFBC}") = "CinemaDCO.Domain", "CinemaDCO.Domain\CinemaDCO.Domain.csproj", "{AB649089-65ED-44F0-BF6C-1D1669BBF571}"
EndProject
Project("{FAE04EC0-301F-11D3-BF4B-00C04F79EFBC}") = "CineDCO.Domain", "CineDCO.Domain\CineDCO.Domain\CineDCO.Domain.csproj", "{C14CDF76-4A09-46F7-AA94-EAFA13DC973B}"
EndProject
Global
	GlobalSection(SolutionConfigurationPlatforms) = preSolution
		Debug|Any CPU = Debug|Any CPU
		Release|Any CPU = Release|Any CPU
	EndGlobalSection
	GlobalSection(ProjectConfigurationPlatforms) = postSolution
		{12101A4B-DAC0-40A7-BDCB-413C796D7FA7}.Debug|Any CPU.ActiveCfg = Debug|Any CPU
		{12101A4B-DAC0-40A7-BDCB-413C796D7FA7}.Debug|Any CPU.Build.0 = Debug|Any CPU
		{12101A4B-DAC0-40A7-BDCB-413C796D7FA7}.Debug|Any CPU.Deploy.0 = Debug|Any CPU
		{12101A4B-DAC0-40A7-BDCB-413C796D7FA7}.Release|Any CPU.ActiveCfg = Release|Any CPU
		{12101A4B-DAC0-40A7-BDCB-413C796D7FA7}.Release|Any CPU.Build.0 = Release|Any CPU
		{12101A4B-DAC0-40A7-BDCB-413C796D7FA7}.Release|Any CPU.Deploy.0 = Release|Any CPU
		{3CF93186-F1A5-4CE8-8227-21E36D5744A6}.Debug|Any CPU.ActiveCfg = Debug|Any CPU
		{3CF93186-F1A5-4CE8-8227-21E36D5744A6}.Debug|Any CPU.Build.0 = Debug|Any CPU
		{3CF93186-F1A5-4CE8-8227-21E36D5744A6}.Debug|Any CPU.Deploy.0 = Debug|Any CPU
		{3CF93186-F1A5-4CE8-8227-21E36D5744A6}.Release|Any CPU.ActiveCfg = Release|Any CPU
		{3CF93186-F1A5-4CE8-8227-21E36D5744A6}.Release|Any CPU.Build.0 = Release|Any CPU
		{3CF93186-F1A5-4CE8-8227-21E36D5744A6}.Release|Any CPU.Deploy.0 = Release|Any CPU
		{AB649089-65ED-44F0-BF6C-1D1669BBF571}.Debug|Any CPU.ActiveCfg = Debug|Any CPU
		{AB649089-65ED-44F0-BF6C-1D1669BBF571}.Debug|Any CPU.Build.0 = Debug|Any CPU
		{AB649089-65ED-44F0-BF6C-1D1669BBF571}.Release|Any CPU.ActiveCfg = Release|Any CPU
		{AB649089-65ED-44F0-BF6C-1D1669BBF571}.Release|Any CPU.Build.0 = Release|Any CPU
		{C14CDF76-4A09-46F7-AA94-EAFA13DC973B}.Debug|Any CPU.ActiveCfg = Debug|Any CPU
		{C14CDF76-4A09-46F7-AA94-EAFA13DC973B}.Debug|Any CPU.Build.0 = Debug|Any CPU
		{C14CDF76-4A09-46F7-AA94-EAFA13DC973B}.Release|Any CPU.ActiveCfg = Release|Any CPU
		{C14CDF76-4A09-46F7-AA94-EAFA13DC973B}.Release|Any CPU.Build.0 = Release|Any CPU
	EndGlobalSection
	GlobalSection(SolutionProperties) = preSolution
		HideSolutionNode = FALSE
	EndGlobalSection
	GlobalSection(NestedProjects) = preSolution
		{3CF93186-F1A5-4CE8-8227-21E36D5744A6} = {3FFA5865-1744-4AFA-A9E9-A7CC8D7D607C}
		{AB649089-65ED-44F0-BF6C-1D1669BBF571} = {180396E7-7CA8-41CD-A914-AD0771C7BFBA}
	EndGlobalSection
	GlobalSection(ExtensibilityGlobals) = postSolution
		SolutionGuid = {90C5AFD4-666B-4878-AA8A-08BBDF488564}
	EndGlobalSection
EndGlobal
